
Microsoft Visual Studio Solution File, Format Version 12.00
# Visual Studio Version 17
VisualStudioVersion = 17.7.34031.279
MinimumVisualStudioVersion = 10.0.40219.1
Project("{FAE04EC0-301F-11D3-BF4B-00C04F79EFBC}") = "ConsoleApp4", "ConsoleApp4\ConsoleApp4.csproj", "{62095BB0-5AB1-4F75-876F-A7AEF6D0D98B}"
EndProject
Project("{FAE04EC0-301F-11D3-BF4B-00C04F79EFBC}") = "TestProject1", "TestProject1\TestProject1.csproj", "{E955A8E2-A95C-410C-AE9D-6988EEACDC17}"
EndProject
Global
	GlobalSection(SolutionConfigurationPlatforms) = preSolution
		Debug|Any CPU = Debug|Any CPU
		Release|Any CPU = Release|Any CPU
	EndGlobalSection
	GlobalSection(ProjectConfigurationPlatforms) = postSolution
		{62095BB0-5AB1-4F75-876F-A7AEF6D0D98B}.Debug|Any CPU.ActiveCfg = Debug|Any CPU
		{62095BB0-5AB1-4F75-876F-A7AEF6D0D98B}.Debug|Any CPU.Build.0 = Debug|Any CPU
		{62095BB0-5AB1-4F75-876F-A7AEF6D0D98B}.Release|Any CPU.ActiveCfg = Release|Any CPU
		{62095BB0-5AB1-4F75-876F-A7AEF6D0D98B}.Release|Any CPU.Build.0 = Release|Any CPU
		{E955A8E2-A95C-410C-AE9D-6988EEACDC17}.Debug|Any CPU.ActiveCfg = Debug|Any CPU
		{E955A8E2-A95C-410C-AE9D-6988EEACDC17}.Debug|Any CPU.Build.0 = Debug|Any CPU
		{E955A8E2-A95C-410C-AE9D-6988EEACDC17}.Release|Any CPU.ActiveCfg = Release|Any CPU
		{E955A8E2-A95C-410C-AE9D-6988EEACDC17}.Release|Any CPU.Build.0 = Release|Any CPU
	EndGlobalSection
	GlobalSection(SolutionProperties) = preSolution
		HideSolutionNode = FALSE
	EndGlobalSection
	GlobalSection(ExtensibilityGlobals) = postSolution
		SolutionGuid = {CEE16A55-0BF0-4D5D-95EF-83E916CD1D7B}
	EndGlobalSection
EndGlobal
